
Microsoft Visual Studio Solution File, Format Version 12.00
# Visual Studio Version 16
VisualStudioVersion = 16.0.29728.190
MinimumVisualStudioVersion = 10.0.40219.1
Project("{FAE04EC0-301F-11D3-BF4B-00C04F79EFBC}") = "M2HW1_DavisPaulino", "M2HW1_DavisPaulino\M2HW1_DavisPaulino.csproj", "{DEEE0898-45F6-467B-BC69-9AC8C46AD9DC}"
EndProject
Global
	GlobalSection(SolutionConfigurationPlatforms) = preSolution
		Debug|Any CPU = Debug|Any CPU
		Release|Any CPU = Release|Any CPU
	EndGlobalSection
	GlobalSection(ProjectConfigurationPlatforms) = postSolution
		{DEEE0898-45F6-467B-BC69-9AC8C46AD9DC}.Debug|Any CPU.ActiveCfg = Debug|Any CPU
		{DEEE0898-45F6-467B-BC69-9AC8C46AD9DC}.Debug|Any CPU.Build.0 = Debug|Any CPU
		{DEEE0898-45F6-467B-BC69-9AC8C46AD9DC}.Release|Any CPU.ActiveCfg = Release|Any CPU
		{DEEE0898-45F6-467B-BC69-9AC8C46AD9DC}.Release|Any CPU.Build.0 = Release|Any CPU
	EndGlobalSection
	GlobalSection(SolutionProperties) = preSolution
		HideSolutionNode = FALSE
	EndGlobalSection
	GlobalSection(ExtensibilityGlobals) = postSolution
		SolutionGuid = {C97A7B2E-946C-41BD-9A8A-2AE0A3985DF8}
	EndGlobalSection
EndGlobal
